
Microsoft Visual Studio Solution File, Format Version 12.00
# Visual Studio Version 17
VisualStudioVersion = 17.9.34622.214
MinimumVisualStudioVersion = 10.0.40219.1
Project("{FAE04EC0-301F-11D3-BF4B-00C04F79EFBC}") = "NumericalAverage", "NumericalAverage\NumericalAverage.csproj", "{3D8CB980-ACAE-44AF-AF7F-A9C823D81514}"
EndProject
Global
	GlobalSection(SolutionConfigurationPlatforms) = preSolution
		Debug|Any CPU = Debug|Any CPU
		Release|Any CPU = Release|Any CPU
	EndGlobalSection
	GlobalSection(ProjectConfigurationPlatforms) = postSolution
		{3D8CB980-ACAE-44AF-AF7F-A9C823D81514}.Debug|Any CPU.ActiveCfg = Debug|Any CPU
		{3D8CB980-ACAE-44AF-AF7F-A9C823D81514}.Debug|Any CPU.Build.0 = Debug|Any CPU
		{3D8CB980-ACAE-44AF-AF7F-A9C823D81514}.Release|Any CPU.ActiveCfg = Release|Any CPU
		{3D8CB980-ACAE-44AF-AF7F-A9C823D81514}.Release|Any CPU.Build.0 = Release|Any CPU
	EndGlobalSection
	GlobalSection(SolutionProperties) = preSolution
		HideSolutionNode = FALSE
	EndGlobalSection
	GlobalSection(ExtensibilityGlobals) = postSolution
		SolutionGuid = {FE1A409F-7D92-4403-AB68-B14CEFEB0D54}
	EndGlobalSection
EndGlobal
